
Microsoft Visual Studio Solution File, Format Version 12.00
# Visual Studio Version 16
VisualStudioVersion = 16.0.31702.278
MinimumVisualStudioVersion = 10.0.40219.1
Project("{FAE04EC0-301F-11D3-BF4B-00C04F79EFBC}") = "WebstersPracticalTest", "WebstersPracticalTest\WebstersPracticalTest.csproj", "{23C661DA-27CE-4B8D-BCED-ED4CE046E744}"
EndProject
Global
	GlobalSection(SolutionConfigurationPlatforms) = preSolution
		Debug|Any CPU = Debug|Any CPU
		Release|Any CPU = Release|Any CPU
	EndGlobalSection
	GlobalSection(ProjectConfigurationPlatforms) = postSolution
		{23C661DA-27CE-4B8D-BCED-ED4CE046E744}.Debug|Any CPU.ActiveCfg = Debug|Any CPU
		{23C661DA-27CE-4B8D-BCED-ED4CE046E744}.Debug|Any CPU.Build.0 = Debug|Any CPU
		{23C661DA-27CE-4B8D-BCED-ED4CE046E744}.Release|Any CPU.ActiveCfg = Release|Any CPU
		{23C661DA-27CE-4B8D-BCED-ED4CE046E744}.Release|Any CPU.Build.0 = Release|Any CPU
	EndGlobalSection
	GlobalSection(SolutionProperties) = preSolution
		HideSolutionNode = FALSE
	EndGlobalSection
	GlobalSection(ExtensibilityGlobals) = postSolution
		SolutionGuid = {3E6D4B1B-B231-4AB5-B68C-DC61E643B240}
	EndGlobalSection
EndGlobal
